// !$*UTF8*$!
{
	archiveVersion = 1;
	classes = {
	};
	objectVersion = 46;
	objects = {

/* Begin PBXBuildFile section */
		770EB9AC1CEC9FCB00C66CFA /* Assets.xcassets in Resources */ = {isa = PBXBuildFile; fileRef = 770EB9AB1CEC9FCB00C66CFA /* Assets.xcassets */; };
		7710612F1CE2005C0024A5EE /* ZBTabBar.m in Sources */ = {isa = PBXBuildFile; fileRef = 7710612E1CE2005C0024A5EE /* ZBTabBar.m */; };
		77145D041CE359BA009886FE /* ZBNewFeatureController.m in Sources */ = {isa = PBXBuildFile; fileRef = 77145D031CE359BA009886FE /* ZBNewFeatureController.m */; };
		772606881CD98B8D00B88239 /* UIView+Frame.m in Sources */ = {isa = PBXBuildFile; fileRef = 772606871CD98B8D00B88239 /* UIView+Frame.m */; };
		7726068C1CD991C400B88239 /* ZBTestController.m in Sources */ = {isa = PBXBuildFile; fileRef = 7726068A1CD991C400B88239 /* ZBTestController.m */; };
		7726068D1CD991C400B88239 /* ZBTestController.xib in Resources */ = {isa = PBXBuildFile; fileRef = 7726068B1CD991C400B88239 /* ZBTestController.xib */; };
		772606901CD99F4900B88239 /* ZBNavigationController.m in Sources */ = {isa = PBXBuildFile; fileRef = 7726068F1CD99F4900B88239 /* ZBNavigationController.m */; };
		7726069D1CD9CE1500B88239 /* ZBTest2Controller.m in Sources */ = {isa = PBXBuildFile; fileRef = 7726069B1CD9CE1500B88239 /* ZBTest2Controller.m */; };
		7726069E1CD9CE1500B88239 /* ZBTest2Controller.xib in Resources */ = {isa = PBXBuildFile; fileRef = 7726069C1CD9CE1500B88239 /* ZBTest2Controller.xib */; };
		772606A51CD9FB4300B88239 /* UIBarButtonItem+Extension.m in Sources */ = {isa = PBXBuildFile; fileRef = 772606A41CD9FB4300B88239 /* UIBarButtonItem+Extension.m */; };
		77298C6D1CD83A4A00D09005 /* main.m in Sources */ = {isa = PBXBuildFile; fileRef = 77298C6C1CD83A4A00D09005 /* main.m */; };
		77298C701CD83A4A00D09005 /* AppDelegate.m in Sources */ = {isa = PBXBuildFile; fileRef = 77298C6F1CD83A4A00D09005 /* AppDelegate.m */; };
		77298C7B1CD83A4A00D09005 /* LaunchScreen.storyboard in Resources */ = {isa = PBXBuildFile; fileRef = 77298C791CD83A4A00D09005 /* LaunchScreen.storyboard */; };
		77298C9F1CD8580500D09005 /* ZBHomeViewController.m in Sources */ = {isa = PBXBuildFile; fileRef = 77298C9E1CD8580500D09005 /* ZBHomeViewController.m */; };
		77298CA21CD8584700D09005 /* ZBMessageCenterController.m in Sources */ = {isa = PBXBuildFile; fileRef = 77298CA11CD8584700D09005 /* ZBMessageCenterController.m */; };
		77298CA51CD8586F00D09005 /* ZBDiscoverViewController.m in Sources */ = {isa = PBXBuildFile; fileRef = 77298CA41CD8586F00D09005 /* ZBDiscoverViewController.m */; };
		77298CA81CD8589000D09005 /* ZBProfileViewController.m in Sources */ = {isa = PBXBuildFile; fileRef = 77298CA71CD8589000D09005 /* ZBProfileViewController.m */; };
		7740304D1CDDC73F009CAFA6 /* ZBSearchBar.m in Sources */ = {isa = PBXBuildFile; fileRef = 7740304C1CDDC73F009CAFA6 /* ZBSearchBar.m */; };
		776177731CD8C18600F5FE03 /* ZBTabBarController.m in Sources */ = {isa = PBXBuildFile; fileRef = 776177721CD8C18600F5FE03 /* ZBTabBarController.m */; };
		7770F8171CE4B0C8000CE679 /* ZBOAuthViewController.m in Sources */ = {isa = PBXBuildFile; fileRef = 7770F8161CE4B0C8000CE679 /* ZBOAuthViewController.m */; };
		77B4E4481CEAD30C005DC1B5 /* ZBUser.m in Sources */ = {isa = PBXBuildFile; fileRef = 77B4E4471CEAD30C005DC1B5 /* ZBUser.m */; };
		77B4E44B1CEAD31C005DC1B5 /* ZBStatus.m in Sources */ = {isa = PBXBuildFile; fileRef = 77B4E44A1CEAD31C005DC1B5 /* ZBStatus.m */; };
		77B4E44E1CEC2378005DC1B5 /* ZBLoadMoreFooter.m in Sources */ = {isa = PBXBuildFile; fileRef = 77B4E44D1CEC2378005DC1B5 /* ZBLoadMoreFooter.m */; };
		77B4E4501CEC23E5005DC1B5 /* ZBLoadMoreFooter.xib in Resources */ = {isa = PBXBuildFile; fileRef = 77B4E44F1CEC23E5005DC1B5 /* ZBLoadMoreFooter.xib */; };
		77C13EA71CE5834B00DA7563 /* ZBAccount.m in Sources */ = {isa = PBXBuildFile; fileRef = 77C13EA61CE5834B00DA7563 /* ZBAccount.m */; };
		77C57D921CEDC91B00092174 /* ZBStatusFrame.m in Sources */ = {isa = PBXBuildFile; fileRef = 77C57D911CEDC91B00092174 /* ZBStatusFrame.m */; };
		77C57D951CEDC95A00092174 /* ZBStatusCell.m in Sources */ = {isa = PBXBuildFile; fileRef = 77C57D941CEDC95A00092174 /* ZBStatusCell.m */; };
		77D503A11CE0CE0600463B29 /* ZBTitleMenuViewController.m in Sources */ = {isa = PBXBuildFile; fileRef = 77D503A01CE0CE0600463B29 /* ZBTitleMenuViewController.m */; };
		77F219A51CDDF2F3008778B0 /* ZBDropDownMenu.m in Sources */ = {isa = PBXBuildFile; fileRef = 77F219A41CDDF2F3008778B0 /* ZBDropDownMenu.m */; };
		77F33A531CE5F8EA00EB75F4 /* ZBAccountTool.m in Sources */ = {isa = PBXBuildFile; fileRef = 77F33A521CE5F8EA00EB75F4 /* ZBAccountTool.m */; };
		77F33A561CE784C800EB75F4 /* UIWindow+SwitchRootVC.m in Sources */ = {isa = PBXBuildFile; fileRef = 77F33A551CE784C800EB75F4 /* UIWindow+SwitchRootVC.m */; };
		77F33A581CE7A3AB00EB75F4 /* Foundation+Log.m in Sources */ = {isa = PBXBuildFile; fileRef = 77F33A571CE7A3AB00EB75F4 /* Foundation+Log.m */; };
		77F33A5B1CE8CA3200EB75F4 /* ZBTitleButton.m in Sources */ = {isa = PBXBuildFile; fileRef = 77F33A5A1CE8CA3200EB75F4 /* ZBTitleButton.m */; };
		BD0D0872BEA94928327B5036 /* libPods.a in Frameworks */ = {isa = PBXBuildFile; fileRef = 6C62DDD9483736069B0445C6 /* libPods.a */; };
/* End PBXBuildFile section */

/* Begin PBXFileReference section */
		0E993E7186A06FE82F15FC3D /* Pods.release.xcconfig */ = {isa = PBXFileReference; includeInIndex = 1; lastKnownFileType = text.xcconfig; name = Pods.release.xcconfig; path = "Pods/Target Support Files/Pods/Pods.release.xcconfig"; sourceTree = "<group>"; };
		6C62DDD9483736069B0445C6 /* libPods.a */ = {isa = PBXFileReference; explicitFileType = archive.ar; includeInIndex = 0; path = libPods.a; sourceTree = BUILT_PRODUCTS_DIR; };
		770EB9AB1CEC9FCB00C66CFA /* Assets.xcassets */ = {isa = PBXFileReference; lastKnownFileType = folder.assetcatalog; path = Assets.xcassets; sourceTree = "<group>"; };
		7710612D1CE2005C0024A5EE /* ZBTabBar.h */ = {isa = PBXFileReference; fileEncoding = 4; lastKnownFileType = sourcecode.c.h; path = ZBTabBar.h; sourceTree = "<group>"; };
		7710612E1CE2005C0024A5EE /* ZBTabBar.m */ = {isa = PBXFileReference; fileEncoding = 4; lastKnownFileType = sourcecode.c.objc; path = ZBTabBar.m; sourceTree = "<group>"; };
		77145D021CE359BA009886FE /* ZBNewFeatureController.h */ = {isa = PBXFileReference; fileEncoding = 4; lastKnownFileType = sourcecode.c.h; path = ZBNewFeatureController.h; sourceTree = "<group>"; };
		77145D031CE359BA009886FE /* ZBNewFeatureController.m */ = {isa = PBXFileReference; fileEncoding = 4; lastKnownFileType = sourcecode.c.objc; path = ZBNewFeatureController.m; sourceTree = "<group>"; };
		772606861CD98B8D00B88239 /* UIView+Frame.h */ = {isa = PBXFileReference; fileEncoding = 4; lastKnownFileType = sourcecode.c.h; path = "UIView+Frame.h"; sourceTree = "<group>"; };
		772606871CD98B8D00B88239 /* UIView+Frame.m */ = {isa = PBXFileReference; fileEncoding = 4; lastKnownFileType = sourcecode.c.objc; path = "UIView+Frame.m"; sourceTree = "<group>"; };
		772606891CD991C400B88239 /* ZBTestController.h */ = {isa = PBXFileReference; fileEncoding = 4; lastKnownFileType = sourcecode.c.h; path = ZBTestController.h; sourceTree = "<group>"; };
		7726068A1CD991C400B88239 /* ZBTestController.m */ = {isa = PBXFileReference; fileEncoding = 4; lastKnownFileType = sourcecode.c.objc; path = ZBTestController.m; sourceTree = "<group>"; };
		7726068B1CD991C400B88239 /* ZBTestController.xib */ = {isa = PBXFileReference; fileEncoding = 4; lastKnownFileType = file.xib; path = ZBTestController.xib; sourceTree = "<group>"; };
		7726068E1CD99F4900B88239 /* ZBNavigationController.h */ = {isa = PBXFileReference; fileEncoding = 4; lastKnownFileType = sourcecode.c.h; path = ZBNavigationController.h; sourceTree = "<group>"; };
		7726068F1CD99F4900B88239 /* ZBNavigationController.m */ = {isa = PBXFileReference; fileEncoding = 4; lastKnownFileType = sourcecode.c.objc; path = ZBNavigationController.m; sourceTree = "<group>"; };
		7726069A1CD9CE1500B88239 /* ZBTest2Controller.h */ = {isa = PBXFileReference; fileEncoding = 4; lastKnownFileType = sourcecode.c.h; path = ZBTest2Controller.h; sourceTree = "<group>"; };
		7726069B1CD9CE1500B88239 /* ZBTest2Controller.m */ = {isa = PBXFileReference; fileEncoding = 4; lastKnownFileType = sourcecode.c.objc; path = ZBTest2Controller.m; sourceTree = "<group>"; };
		7726069C1CD9CE1500B88239 /* ZBTest2Controller.xib */ = {isa = PBXFileReference; fileEncoding = 4; lastKnownFileType = file.xib; path = ZBTest2Controller.xib; sourceTree = "<group>"; };
		772606A31CD9FB4300B88239 /* UIBarButtonItem+Extension.h */ = {isa = PBXFileReference; fileEncoding = 4; lastKnownFileType = sourcecode.c.h; path = "UIBarButtonItem+Extension.h"; sourceTree = "<group>"; };
		772606A41CD9FB4300B88239 /* UIBarButtonItem+Extension.m */ = {isa = PBXFileReference; fileEncoding = 4; lastKnownFileType = sourcecode.c.objc; path = "UIBarButtonItem+Extension.m"; sourceTree = "<group>"; };
		77298C681CD83A4A00D09005 /* XLWB.app */ = {isa = PBXFileReference; explicitFileType = wrapper.application; includeInIndex = 0; path = XLWB.app; sourceTree = BUILT_PRODUCTS_DIR; };
		77298C6C1CD83A4A00D09005 /* main.m */ = {isa = PBXFileReference; lastKnownFileType = sourcecode.c.objc; path = main.m; sourceTree = "<group>"; };
		77298C6E1CD83A4A00D09005 /* AppDelegate.h */ = {isa = PBXFileReference; lastKnownFileType = sourcecode.c.h; path = AppDelegate.h; sourceTree = "<group>"; };
		77298C6F1CD83A4A00D09005 /* AppDelegate.m */ = {isa = PBXFileReference; lastKnownFileType = sourcecode.c.objc; path = AppDelegate.m; sourceTree = "<group>"; };
		77298C7A1CD83A4A00D09005 /* Base */ = {isa = PBXFileReference; lastKnownFileType = file.storyboard; name = Base; path = Base.lproj/LaunchScreen.storyboard; sourceTree = "<group>"; };
		77298C7C1CD83A4A00D09005 /* Info.plist */ = {isa = PBXFileReference; lastKnownFileType = text.plist.xml; path = Info.plist; sourceTree = "<group>"; };
		77298C9C1CD845AB00D09005 /* PrefixHeader.pch */ = {isa = PBXFileReference; lastKnownFileType = sourcecode.c.h; path = PrefixHeader.pch; sourceTree = "<group>"; };
		77298C9D1CD8580500D09005 /* ZBHomeViewController.h */ = {isa = PBXFileReference; fileEncoding = 4; lastKnownFileType = sourcecode.c.h; path = ZBHomeViewController.h; sourceTree = "<group>"; };
		77298C9E1CD8580500D09005 /* ZBHomeViewController.m */ = {isa = PBXFileReference; fileEncoding = 4; lastKnownFileType = sourcecode.c.objc; path = ZBHomeViewController.m; sourceTree = "<group>"; };
		77298CA01CD8584700D09005 /* ZBMessageCenterController.h */ = {isa = PBXFileReference; fileEncoding = 4; lastKnownFileType = sourcecode.c.h; path = ZBMessageCenterController.h; sourceTree = "<group>"; };
		77298CA11CD8584700D09005 /* ZBMessageCenterController.m */ = {isa = PBXFileReference; fileEncoding = 4; lastKnownFileType = sourcecode.c.objc; path = ZBMessageCenterController.m; sourceTree = "<group>"; };
		77298CA31CD8586F00D09005 /* ZBDiscoverViewController.h */ = {isa = PBXFileReference; fileEncoding = 4; lastKnownFileType = sourcecode.c.h; path = ZBDiscoverViewController.h; sourceTree = "<group>"; };
		77298CA41CD8586F00D09005 /* ZBDiscoverViewController.m */ = {isa = PBXFileReference; fileEncoding = 4; lastKnownFileType = sourcecode.c.objc; path = ZBDiscoverViewController.m; sourceTree = "<group>"; };
		77298CA61CD8589000D09005 /* ZBProfileViewController.h */ = {isa = PBXFileReference; fileEncoding = 4; lastKnownFileType = sourcecode.c.h; path = ZBProfileViewController.h; sourceTree = "<group>"; };
		77298CA71CD8589000D09005 /* ZBProfileViewController.m */ = {isa = PBXFileReference; fileEncoding = 4; lastKnownFileType = sourcecode.c.objc; path = ZBProfileViewController.m; sourceTree = "<group>"; };
		7740304B1CDDC73F009CAFA6 /* ZBSearchBar.h */ = {isa = PBXFileReference; fileEncoding = 4; lastKnownFileType = sourcecode.c.h; path = ZBSearchBar.h; sourceTree = "<group>"; };
		7740304C1CDDC73F009CAFA6 /* ZBSearchBar.m */ = {isa = PBXFileReference; fileEncoding = 4; lastKnownFileType = sourcecode.c.objc; path = ZBSearchBar.m; sourceTree = "<group>"; };
		776177711CD8C18600F5FE03 /* ZBTabBarController.h */ = {isa = PBXFileReference; fileEncoding = 4; lastKnownFileType = sourcecode.c.h; path = ZBTabBarController.h; sourceTree = "<group>"; };
		776177721CD8C18600F5FE03 /* ZBTabBarController.m */ = {isa = PBXFileReference; fileEncoding = 4; lastKnownFileType = sourcecode.c.objc; path = ZBTabBarController.m; sourceTree = "<group>"; };
		7770F8151CE4B0C8000CE679 /* ZBOAuthViewController.h */ = {isa = PBXFileReference; fileEncoding = 4; lastKnownFileType = sourcecode.c.h; path = ZBOAuthViewController.h; sourceTree = "<group>"; };
		7770F8161CE4B0C8000CE679 /* ZBOAuthViewController.m */ = {isa = PBXFileReference; fileEncoding = 4; lastKnownFileType = sourcecode.c.objc; path = ZBOAuthViewController.m; sourceTree = "<group>"; };
		77B4E4461CEAD30C005DC1B5 /* ZBUser.h */ = {isa = PBXFileReference; fileEncoding = 4; lastKnownFileType = sourcecode.c.h; path = ZBUser.h; sourceTree = "<group>"; };
		77B4E4471CEAD30C005DC1B5 /* ZBUser.m */ = {isa = PBXFileReference; fileEncoding = 4; lastKnownFileType = sourcecode.c.objc; path = ZBUser.m; sourceTree = "<group>"; };
		77B4E4491CEAD31C005DC1B5 /* ZBStatus.h */ = {isa = PBXFileReference; fileEncoding = 4; lastKnownFileType = sourcecode.c.h; path = ZBStatus.h; sourceTree = "<group>"; };
		77B4E44A1CEAD31C005DC1B5 /* ZBStatus.m */ = {isa = PBXFileReference; fileEncoding = 4; lastKnownFileType = sourcecode.c.objc; path = ZBStatus.m; sourceTree = "<group>"; };
		77B4E44C1CEC2378005DC1B5 /* ZBLoadMoreFooter.h */ = {isa = PBXFileReference; fileEncoding = 4; lastKnownFileType = sourcecode.c.h; path = ZBLoadMoreFooter.h; sourceTree = "<group>"; };
		77B4E44D1CEC2378005DC1B5 /* ZBLoadMoreFooter.m */ = {isa = PBXFileReference; fileEncoding = 4; lastKnownFileType = sourcecode.c.objc; path = ZBLoadMoreFooter.m; sourceTree = "<group>"; };
		77B4E44F1CEC23E5005DC1B5 /* ZBLoadMoreFooter.xib */ = {isa = PBXFileReference; fileEncoding = 4; lastKnownFileType = file.xib; path = ZBLoadMoreFooter.xib; sourceTree = "<group>"; };
		77C13EA51CE5834B00DA7563 /* ZBAccount.h */ = {isa = PBXFileReference; fileEncoding = 4; lastKnownFileType = sourcecode.c.h; path = ZBAccount.h; sourceTree = "<group>"; };
		77C13EA61CE5834B00DA7563 /* ZBAccount.m */ = {isa = PBXFileReference; fileEncoding = 4; lastKnownFileType = sourcecode.c.objc; path = ZBAccount.m; sourceTree = "<group>"; };
		77C57D901CEDC91B00092174 /* ZBStatusFrame.h */ = {isa = PBXFileReference; fileEncoding = 4; lastKnownFileType = sourcecode.c.h; path = ZBStatusFrame.h; sourceTree = "<group>"; };
		77C57D911CEDC91B00092174 /* ZBStatusFrame.m */ = {isa = PBXFileReference; fileEncoding = 4; lastKnownFileType = sourcecode.c.objc; path = ZBStatusFrame.m; sourceTree = "<group>"; };
		77C57D931CEDC95A00092174 /* ZBStatusCell.h */ = {isa = PBXFileReference; fileEncoding = 4; lastKnownFileType = sourcecode.c.h; path = ZBStatusCell.h; sourceTree = "<group>"; };
		77C57D941CEDC95A00092174 /* ZBStatusCell.m */ = {isa = PBXFileReference; fileEncoding = 4; lastKnownFileType = sourcecode.c.objc; path = ZBStatusCell.m; sourceTree = "<group>"; };
		77D5039F1CE0CE0600463B29 /* ZBTitleMenuViewController.h */ = {isa = PBXFileReference; fileEncoding = 4; lastKnownFileType = sourcecode.c.h; path = ZBTitleMenuViewController.h; sourceTree = "<group>"; };
		77D503A01CE0CE0600463B29 /* ZBTitleMenuViewController.m */ = {isa = PBXFileReference; fileEncoding = 4; lastKnownFileType = sourcecode.c.objc; path = ZBTitleMenuViewController.m; sourceTree = "<group>"; };
		77F219A31CDDF2F3008778B0 /* ZBDropDownMenu.h */ = {isa = PBXFileReference; fileEncoding = 4; lastKnownFileType = sourcecode.c.h; path = ZBDropDownMenu.h; sourceTree = "<group>"; };
		77F219A41CDDF2F3008778B0 /* ZBDropDownMenu.m */ = {isa = PBXFileReference; fileEncoding = 4; lastKnownFileType = sourcecode.c.objc; path = ZBDropDownMenu.m; sourceTree = "<group>"; };
		77F33A511CE5F8EA00EB75F4 /* ZBAccountTool.h */ = {isa = PBXFileReference; fileEncoding = 4; lastKnownFileType = sourcecode.c.h; path = ZBAccountTool.h; sourceTree = "<group>"; };
		77F33A521CE5F8EA00EB75F4 /* ZBAccountTool.m */ = {isa = PBXFileReference; fileEncoding = 4; lastKnownFileType = sourcecode.c.objc; path = ZBAccountTool.m; sourceTree = "<group>"; };
		77F33A541CE784C800EB75F4 /* UIWindow+SwitchRootVC.h */ = {isa = PBXFileReference; fileEncoding = 4; lastKnownFileType = sourcecode.c.h; path = "UIWindow+SwitchRootVC.h"; sourceTree = "<group>"; };
		77F33A551CE784C800EB75F4 /* UIWindow+SwitchRootVC.m */ = {isa = PBXFileReference; fileEncoding = 4; lastKnownFileType = sourcecode.c.objc; path = "UIWindow+SwitchRootVC.m"; sourceTree = "<group>"; };
		77F33A571CE7A3AB00EB75F4 /* Foundation+Log.m */ = {isa = PBXFileReference; fileEncoding = 4; lastKnownFileType = sourcecode.c.objc; path = "Foundation+Log.m"; sourceTree = "<group>"; };
		77F33A591CE8CA3200EB75F4 /* ZBTitleButton.h */ = {isa = PBXFileReference; fileEncoding = 4; lastKnownFileType = sourcecode.c.h; path = ZBTitleButton.h; sourceTree = "<group>"; };
		77F33A5A1CE8CA3200EB75F4 /* ZBTitleButton.m */ = {isa = PBXFileReference; fileEncoding = 4; lastKnownFileType = sourcecode.c.objc; path = ZBTitleButton.m; sourceTree = "<group>"; };
		BBFD18DD2D68B80DA60677B9 /* Pods.debug.xcconfig */ = {isa = PBXFileReference; includeInIndex = 1; lastKnownFileType = text.xcconfig; name = Pods.debug.xcconfig; path = "Pods/Target Support Files/Pods/Pods.debug.xcconfig"; sourceTree = "<group>"; };
/* End PBXFileReference section */

/* Begin PBXFrameworksBuildPhase section */
		77298C651CD83A4A00D09005 /* Frameworks */ = {
			isa = PBXFrameworksBuildPhase;
			buildActionMask = 2147483647;
			files = (
				BD0D0872BEA94928327B5036 /* libPods.a in Frameworks */,
			);
			runOnlyForDeploymentPostprocessing = 0;
		};
/* End PBXFrameworksBuildPhase section */

/* Begin PBXGroup section */
		77145D001CE35981009886FE /* NewFeature(新特性) */ = {
			isa = PBXGroup;
			children = (
				77145D011CE35981009886FE /* Controller */,
			);
			path = "NewFeature(新特性)";
			sourceTree = "<group>";
		};
		77145D011CE35981009886FE /* Controller */ = {
			isa = PBXGroup;
			children = (
				77145D021CE359BA009886FE /* ZBNewFeatureController.h */,
				77145D031CE359BA009886FE /* ZBNewFeatureController.m */,
			);
			path = Controller;
			sourceTree = "<group>";
		};
		772606751CD98B1300B88239 /* Model */ = {
			isa = PBXGroup;
			children = (
			);
			path = Model;
			sourceTree = "<group>";
		};
		772606761CD98B1300B88239 /* View */ = {
			isa = PBXGroup;
			children = (
			);
			path = View;
			sourceTree = "<group>";
		};
		772606771CD98B2600B88239 /* Model */ = {
			isa = PBXGroup;
			children = (
			);
			path = Model;
			sourceTree = "<group>";
		};
		772606781CD98B2600B88239 /* View */ = {
			isa = PBXGroup;
			children = (
			);
			path = View;
			sourceTree = "<group>";
		};
		772606791CD98B2C00B88239 /* Model */ = {
			isa = PBXGroup;
			children = (
				77B4E4461CEAD30C005DC1B5 /* ZBUser.h */,
				77B4E4471CEAD30C005DC1B5 /* ZBUser.m */,
				77B4E4491CEAD31C005DC1B5 /* ZBStatus.h */,
				77B4E44A1CEAD31C005DC1B5 /* ZBStatus.m */,
				77C57D901CEDC91B00092174 /* ZBStatusFrame.h */,
				77C57D911CEDC91B00092174 /* ZBStatusFrame.m */,
			);
			path = Model;
			sourceTree = "<group>";
		};
		7726067A1CD98B2C00B88239 /* View */ = {
			isa = PBXGroup;
			children = (
				77D5039F1CE0CE0600463B29 /* ZBTitleMenuViewController.h */,
				77D503A01CE0CE0600463B29 /* ZBTitleMenuViewController.m */,
				77F33A591CE8CA3200EB75F4 /* ZBTitleButton.h */,
				77F33A5A1CE8CA3200EB75F4 /* ZBTitleButton.m */,
				77B4E44C1CEC2378005DC1B5 /* ZBLoadMoreFooter.h */,
				77B4E44D1CEC2378005DC1B5 /* ZBLoadMoreFooter.m */,
				77B4E44F1CEC23E5005DC1B5 /* ZBLoadMoreFooter.xib */,
				77C57D931CEDC95A00092174 /* ZBStatusCell.h */,
				77C57D941CEDC95A00092174 /* ZBStatusCell.m */,
			);
			path = View;
			sourceTree = "<group>";
		};
		7726067B1CD98B3300B88239 /* Model */ = {
			isa = PBXGroup;
			children = (
			);
			path = Model;
			sourceTree = "<group>";
		};
		7726067C1CD98B3300B88239 /* View */ = {
			isa = PBXGroup;
			children = (
				7710612D1CE2005C0024A5EE /* ZBTabBar.h */,
				7710612E1CE2005C0024A5EE /* ZBTabBar.m */,
			);
			path = View;
			sourceTree = "<group>";
		};
		7726067D1CD98B3B00B88239 /* Model */ = {
			isa = PBXGroup;
			children = (
			);
			path = Model;
			sourceTree = "<group>";
		};
		7726067E1CD98B3B00B88239 /* View */ = {
			isa = PBXGroup;
			children = (
			);
			path = View;
			sourceTree = "<group>";
		};
		772606A21CD9FB0500B88239 /* Catgory */ = {
			isa = PBXGroup;
			children = (
				77F33A571CE7A3AB00EB75F4 /* Foundation+Log.m */,
				772606A31CD9FB4300B88239 /* UIBarButtonItem+Extension.h */,
				772606A41CD9FB4300B88239 /* UIBarButtonItem+Extension.m */,
				77F33A541CE784C800EB75F4 /* UIWindow+SwitchRootVC.h */,
				77F33A551CE784C800EB75F4 /* UIWindow+SwitchRootVC.m */,
			);
			path = Catgory;
			sourceTree = "<group>";
		};
		77298C5F1CD83A4A00D09005 = {
			isa = PBXGroup;
			children = (
				77298C6A1CD83A4A00D09005 /* XLWB */,
				77298C691CD83A4A00D09005 /* Products */,
				E67A3080BE017EEDD37EAB80 /* Pods */,
				CBBF6F96D65FBECD30A8F560 /* Frameworks */,
			);
			sourceTree = "<group>";
		};
		77298C691CD83A4A00D09005 /* Products */ = {
			isa = PBXGroup;
			children = (
				77298C681CD83A4A00D09005 /* XLWB.app */,
			);
			name = Products;
			sourceTree = "<group>";
		};
		77298C6A1CD83A4A00D09005 /* XLWB */ = {
			isa = PBXGroup;
			children = (
				77298C821CD83A5800D09005 /* Classes */,
				77298C6E1CD83A4A00D09005 /* AppDelegate.h */,
				77298C6F1CD83A4A00D09005 /* AppDelegate.m */,
				77298C9C1CD845AB00D09005 /* PrefixHeader.pch */,
				77298C791CD83A4A00D09005 /* LaunchScreen.storyboard */,
				77298C7C1CD83A4A00D09005 /* Info.plist */,
				770EB9AB1CEC9FCB00C66CFA /* Assets.xcassets */,
				77298C6B1CD83A4A00D09005 /* Supporting Files */,
			);
			path = XLWB;
			sourceTree = "<group>";
		};
		77298C6B1CD83A4A00D09005 /* Supporting Files */ = {
			isa = PBXGroup;
			children = (
				77298C6C1CD83A4A00D09005 /* main.m */,
			);
			name = "Supporting Files";
			sourceTree = "<group>";
		};
		77298C821CD83A5800D09005 /* Classes */ = {
			isa = PBXGroup;
			children = (
				7770F8131CE4B09B000CE679 /* OAuth(授权) */,
				77145D001CE35981009886FE /* NewFeature(新特性) */,
				77298C831CD83A5800D09005 /* (MessageCenter)消息 */,
				77298C871CD83A5800D09005 /* Discover(发现) */,
				77298C8B1CD83A5800D09005 /* Home(首页) */,
				77298C8F1CD83A5800D09005 /* Main(主要) */,
				77298C931CD83A5800D09005 /* Profile(我) */,
				77298C971CD83A5800D09005 /* Temp(临时) */,
			);
			path = Classes;
			sourceTree = "<group>";
		};
		77298C831CD83A5800D09005 /* (MessageCenter)消息 */ = {
			isa = PBXGroup;
			children = (
				77298C841CD83A5800D09005 /* Controller */,
				772606751CD98B1300B88239 /* Model */,
				772606761CD98B1300B88239 /* View */,
			);
			path = "(MessageCenter)消息";
			sourceTree = "<group>";
		};
		77298C841CD83A5800D09005 /* Controller */ = {
			isa = PBXGroup;
			children = (
				77298CA01CD8584700D09005 /* ZBMessageCenterController.h */,
				77298CA11CD8584700D09005 /* ZBMessageCenterController.m */,
			);
			path = Controller;
			sourceTree = "<group>";
		};
		77298C871CD83A5800D09005 /* Discover(发现) */ = {
			isa = PBXGroup;
			children = (
				772606771CD98B2600B88239 /* Model */,
				772606781CD98B2600B88239 /* View */,
				77298C881CD83A5800D09005 /* Controller */,
			);
			path = "Discover(发现)";
			sourceTree = "<group>";
		};
		77298C881CD83A5800D09005 /* Controller */ = {
			isa = PBXGroup;
			children = (
				77298CA31CD8586F00D09005 /* ZBDiscoverViewController.h */,
				77298CA41CD8586F00D09005 /* ZBDiscoverViewController.m */,
			);
			path = Controller;
			sourceTree = "<group>";
		};
		77298C8B1CD83A5800D09005 /* Home(首页) */ = {
			isa = PBXGroup;
			children = (
				772606791CD98B2C00B88239 /* Model */,
				7726067A1CD98B2C00B88239 /* View */,
				77298C8C1CD83A5800D09005 /* Controller */,
			);
			path = "Home(首页)";
			sourceTree = "<group>";
		};
		77298C8C1CD83A5800D09005 /* Controller */ = {
			isa = PBXGroup;
			children = (
				77298C9D1CD8580500D09005 /* ZBHomeViewController.h */,
				77298C9E1CD8580500D09005 /* ZBHomeViewController.m */,
			);
			path = Controller;
			sourceTree = "<group>";
		};
		77298C8F1CD83A5800D09005 /* Main(主要) */ = {
			isa = PBXGroup;
			children = (
				772606A21CD9FB0500B88239 /* Catgory */,
				7726067B1CD98B3300B88239 /* Model */,
				7726067C1CD98B3300B88239 /* View */,
				77298C901CD83A5800D09005 /* Controller */,
			);
			path = "Main(主要)";
			sourceTree = "<group>";
		};
		77298C901CD83A5800D09005 /* Controller */ = {
			isa = PBXGroup;
			children = (
				776177711CD8C18600F5FE03 /* ZBTabBarController.h */,
				776177721CD8C18600F5FE03 /* ZBTabBarController.m */,
				7726068E1CD99F4900B88239 /* ZBNavigationController.h */,
				7726068F1CD99F4900B88239 /* ZBNavigationController.m */,
			);
			path = Controller;
			sourceTree = "<group>";
		};
		77298C931CD83A5800D09005 /* Profile(我) */ = {
			isa = PBXGroup;
			children = (
				7726067D1CD98B3B00B88239 /* Model */,
				7726067E1CD98B3B00B88239 /* View */,
				77298C941CD83A5800D09005 /* Controller */,
			);
			path = "Profile(我)";
			sourceTree = "<group>";
		};
		77298C941CD83A5800D09005 /* Controller */ = {
			isa = PBXGroup;
			children = (
				77298CA61CD8589000D09005 /* ZBProfileViewController.h */,
				77298CA71CD8589000D09005 /* ZBProfileViewController.m */,
			);
			path = Controller;
			sourceTree = "<group>";
		};
		77298C971CD83A5800D09005 /* Temp(临时) */ = {
			isa = PBXGroup;
			children = (
				772606861CD98B8D00B88239 /* UIView+Frame.h */,
				772606871CD98B8D00B88239 /* UIView+Frame.m */,
				772606891CD991C400B88239 /* ZBTestController.h */,
				7726068A1CD991C400B88239 /* ZBTestController.m */,
				7726068B1CD991C400B88239 /* ZBTestController.xib */,
				7726069A1CD9CE1500B88239 /* ZBTest2Controller.h */,
				7726069B1CD9CE1500B88239 /* ZBTest2Controller.m */,
				7726069C1CD9CE1500B88239 /* ZBTest2Controller.xib */,
				7740304B1CDDC73F009CAFA6 /* ZBSearchBar.h */,
				7740304C1CDDC73F009CAFA6 /* ZBSearchBar.m */,
				77F219A31CDDF2F3008778B0 /* ZBDropDownMenu.h */,
				77F219A41CDDF2F3008778B0 /* ZBDropDownMenu.m */,
			);
			path = "Temp(临时)";
			sourceTree = "<group>";
		};
		7770F8131CE4B09B000CE679 /* OAuth(授权) */ = {
			isa = PBXGroup;
			children = (
				77F33A501CE5F8C100EB75F4 /* Tool */,
				77C13EA41CE5832B00DA7563 /* Model */,
				7770F8141CE4B09B000CE679 /* Controller */,
			);
			path = "OAuth(授权)";
			sourceTree = "<group>";
		};
		7770F8141CE4B09B000CE679 /* Controller */ = {
			isa = PBXGroup;
			children = (
				7770F8151CE4B0C8000CE679 /* ZBOAuthViewController.h */,
				7770F8161CE4B0C8000CE679 /* ZBOAuthViewController.m */,
			);
			path = Controller;
			sourceTree = "<group>";
		};
		77C13EA41CE5832B00DA7563 /* Model */ = {
			isa = PBXGroup;
			children = (
				77C13EA51CE5834B00DA7563 /* ZBAccount.h */,
				77C13EA61CE5834B00DA7563 /* ZBAccount.m */,
			);
			path = Model;
			sourceTree = "<group>";
		};
		77F33A501CE5F8C100EB75F4 /* Tool */ = {
			isa = PBXGroup;
			children = (
				77F33A511CE5F8EA00EB75F4 /* ZBAccountTool.h */,
				77F33A521CE5F8EA00EB75F4 /* ZBAccountTool.m */,
			);
			path = Tool;
			sourceTree = "<group>";
		};
		CBBF6F96D65FBECD30A8F560 /* Frameworks */ = {
			isa = PBXGroup;
			children = (
				6C62DDD9483736069B0445C6 /* libPods.a */,
			);
			name = Frameworks;
			sourceTree = "<group>";
		};
		E67A3080BE017EEDD37EAB80 /* Pods */ = {
			isa = PBXGroup;
			children = (
				BBFD18DD2D68B80DA60677B9 /* Pods.debug.xcconfig */,
				0E993E7186A06FE82F15FC3D /* Pods.release.xcconfig */,
			);
			name = Pods;
			sourceTree = "<group>";
		};
/* End PBXGroup section */

/* Begin PBXNativeTarget section */
		77298C671CD83A4A00D09005 /* XLWB */ = {
			isa = PBXNativeTarget;
			buildConfigurationList = 77298C7F1CD83A4A00D09005 /* Build configuration list for PBXNativeTarget "XLWB" */;
			buildPhases = (
				50FDD272B0C849C7EDAAB54E /* Check Pods Manifest.lock */,
				77298C641CD83A4A00D09005 /* Sources */,
				77298C651CD83A4A00D09005 /* Frameworks */,
				77298C661CD83A4A00D09005 /* Resources */,
				E094A323F6481FF23A37D5C4 /* Embed Pods Frameworks */,
				C7C198363847E3CD74B54959 /* Copy Pods Resources */,
			);
			buildRules = (
			);
			dependencies = (
			);
			name = XLWB;
			productName = XLWB;
			productReference = 77298C681CD83A4A00D09005 /* XLWB.app */;
			productType = "com.apple.product-type.application";
		};
/* End PBXNativeTarget section */

/* Begin PBXProject section */
		77298C601CD83A4A00D09005 /* Project object */ = {
			isa = PBXProject;
			attributes = {
				LastUpgradeCheck = 0720;
				ORGANIZATIONNAME = zhangbin;
				TargetAttributes = {
					77298C671CD83A4A00D09005 = {
						CreatedOnToolsVersion = 7.2.1;
					};
				};
			};
			buildConfigurationList = 77298C631CD83A4A00D09005 /* Build configuration list for PBXProject "XLWB" */;
			compatibilityVersion = "Xcode 3.2";
			developmentRegion = English;
			hasScannedForEncodings = 0;
			knownRegions = (
				en,
				Base,
			);
			mainGroup = 77298C5F1CD83A4A00D09005;
			productRefGroup = 77298C691CD83A4A00D09005 /* Products */;
			projectDirPath = "";
			projectRoot = "";
			targets = (
				77298C671CD83A4A00D09005 /* XLWB */,
			);
		};
/* End PBXProject section */

/* Begin PBXResourcesBuildPhase section */
		77298C661CD83A4A00D09005 /* Resources */ = {
			isa = PBXResourcesBuildPhase;
			buildActionMask = 2147483647;
			files = (
				7726069E1CD9CE1500B88239 /* ZBTest2Controller.xib in Resources */,
				77298C7B1CD83A4A00D09005 /* LaunchScreen.storyboard in Resources */,
				7726068D1CD991C400B88239 /* ZBTestController.xib in Resources */,
				77B4E4501CEC23E5005DC1B5 /* ZBLoadMoreFooter.xib in Resources */,
				770EB9AC1CEC9FCB00C66CFA /* Assets.xcassets in Resources */,
			);
			runOnlyForDeploymentPostprocessing = 0;
		};
/* End PBXResourcesBuildPhase section */

/* Begin PBXShellScriptBuildPhase section */
		50FDD272B0C849C7EDAAB54E /* Check Pods Manifest.lock */ = {
			isa = PBXShellScriptBuildPhase;
			buildActionMask = 2147483647;
			files = (
			);
			inputPaths = (
			);
			name = "Check Pods Manifest.lock";
			outputPaths = (
			);
			runOnlyForDeploymentPostprocessing = 0;
			shellPath = /bin/sh;
			shellScript = "diff \"${PODS_ROOT}/../Podfile.lock\" \"${PODS_ROOT}/Manifest.lock\" > /dev/null\nif [[ $? != 0 ]] ; then\n    cat << EOM\nerror: The sandbox is not in sync with the Podfile.lock. Run 'pod install' or update your CocoaPods installation.\nEOM\n    exit 1\nfi\n";
			showEnvVarsInLog = 0;
		};
		C7C198363847E3CD74B54959 /* Copy Pods Resources */ = {
			isa = PBXShellScriptBuildPhase;
			buildActionMask = 2147483647;
			files = (
			);
			inputPaths = (
			);
			name = "Copy Pods Resources";
			outputPaths = (
			);
			runOnlyForDeploymentPostprocessing = 0;
			shellPath = /bin/sh;
			shellScript = "\"${SRCROOT}/Pods/Target Support Files/Pods/Pods-resources.sh\"\n";
			showEnvVarsInLog = 0;
		};
		E094A323F6481FF23A37D5C4 /* Embed Pods Frameworks */ = {
			isa = PBXShellScriptBuildPhase;
			buildActionMask = 2147483647;
			files = (
			);
			inputPaths = (
			);
			name = "Embed Pods Frameworks";
			outputPaths = (
			);
			runOnlyForDeploymentPostprocessing = 0;
			shellPath = /bin/sh;
			shellScript = "\"${SRCROOT}/Pods/Target Support Files/Pods/Pods-frameworks.sh\"\n";
			showEnvVarsInLog = 0;
		};
/* End PBXShellScriptBuildPhase section */

/* Begin PBXSourcesBuildPhase section */
		77298C641CD83A4A00D09005 /* Sources */ = {
			isa = PBXSourcesBuildPhase;
			buildActionMask = 2147483647;
			files = (
				77145D041CE359BA009886FE /* ZBNewFeatureController.m in Sources */,
				77298CA21CD8584700D09005 /* ZBMessageCenterController.m in Sources */,
				77F33A561CE784C800EB75F4 /* UIWindow+SwitchRootVC.m in Sources */,
				77298C701CD83A4A00D09005 /* AppDelegate.m in Sources */,
				77298CA81CD8589000D09005 /* ZBProfileViewController.m in Sources */,
				77F33A581CE7A3AB00EB75F4 /* Foundation+Log.m in Sources */,
				7740304D1CDDC73F009CAFA6 /* ZBSearchBar.m in Sources */,
				77F33A531CE5F8EA00EB75F4 /* ZBAccountTool.m in Sources */,
				77F33A5B1CE8CA3200EB75F4 /* ZBTitleButton.m in Sources */,
				77C57D921CEDC91B00092174 /* ZBStatusFrame.m in Sources */,
				77298C6D1CD83A4A00D09005 /* main.m in Sources */,
				77B4E44B1CEAD31C005DC1B5 /* ZBStatus.m in Sources */,
				7726069D1CD9CE1500B88239 /* ZBTest2Controller.m in Sources */,
				7726068C1CD991C400B88239 /* ZBTestController.m in Sources */,
				772606901CD99F4900B88239 /* ZBNavigationController.m in Sources */,
				77298C9F1CD8580500D09005 /* ZBHomeViewController.m in Sources */,
				77298CA51CD8586F00D09005 /* ZBDiscoverViewController.m in Sources */,
				772606A51CD9FB4300B88239 /* UIBarButtonItem+Extension.m in Sources */,
				77B4E44E1CEC2378005DC1B5 /* ZBLoadMoreFooter.m in Sources */,
				7770F8171CE4B0C8000CE679 /* ZBOAuthViewController.m in Sources */,
				77D503A11CE0CE0600463B29 /* ZBTitleMenuViewController.m in Sources */,
				77F219A51CDDF2F3008778B0 /* ZBDropDownMenu.m in Sources */,
				7710612F1CE2005C0024A5EE /* ZBTabBar.m in Sources */,
				772606881CD98B8D00B88239 /* UIView+Frame.m in Sources */,
				77C13EA71CE5834B00DA7563 /* ZBAccount.m in Sources */,
				77C57D951CEDC95A00092174 /* ZBStatusCell.m in Sources */,
				77B4E4481CEAD30C005DC1B5 /* ZBUser.m in Sources */,
				776177731CD8C18600F5FE03 /* ZBTabBarController.m in Sources */,
			);
			runOnlyForDeploymentPostprocessing = 0;
		};
/* End PBXSourcesBuildPhase section */

/* Begin PBXVariantGroup section */
		77298C791CD83A4A00D09005 /* LaunchScreen.storyboard */ = {
			isa = PBXVariantGroup;
			children = (
				77298C7A1CD83A4A00D09005 /* Base */,
			);
			name = LaunchScreen.storyboard;
			sourceTree = "<group>";
		};
/* End PBXVariantGroup section */

/* Begin XCBuildConfiguration section */
		77298C7D1CD83A4A00D09005 /* Debug */ = {
			isa = XCBuildConfiguration;
			buildSettings = {
				ALWAYS_SEARCH_USER_PATHS = NO;
				CLANG_CXX_LANGUAGE_STANDARD = "gnu++0x";
				CLANG_CXX_LIBRARY = "libc++";
				CLANG_ENABLE_MODULES = YES;
				CLANG_ENABLE_OBJC_ARC = YES;
				CLANG_WARN_BOOL_CONVERSION = YES;
				CLANG_WARN_CONSTANT_CONVERSION = YES;
				CLANG_WARN_DIRECT_OBJC_ISA_USAGE = YES_ERROR;
				CLANG_WARN_EMPTY_BODY = YES;
				CLANG_WARN_ENUM_CONVERSION = YES;
				CLANG_WARN_INT_CONVERSION = YES;
				CLANG_WARN_OBJC_ROOT_CLASS = YES_ERROR;
				CLANG_WARN_UNREACHABLE_CODE = YES;
				CLANG_WARN__DUPLICATE_METHOD_MATCH = YES;
				"CODE_SIGN_IDENTITY[sdk=iphoneos*]" = "iPhone Developer";
				COPY_PHASE_STRIP = NO;
				DEBUG_INFORMATION_FORMAT = dwarf;
				ENABLE_STRICT_OBJC_MSGSEND = YES;
				ENABLE_TESTABILITY = YES;
				GCC_C_LANGUAGE_STANDARD = gnu99;
				GCC_DYNAMIC_NO_PIC = NO;
				GCC_NO_COMMON_BLOCKS = YES;
				GCC_OPTIMIZATION_LEVEL = 0;
				GCC_PREPROCESSOR_DEFINITIONS = (
					"DEBUG=1",
					"$(inherited)",
				);
				GCC_WARN_64_TO_32_BIT_CONVERSION = YES;
				GCC_WARN_ABOUT_RETURN_TYPE = YES_ERROR;
				GCC_WARN_UNDECLARED_SELECTOR = YES;
				GCC_WARN_UNINITIALIZED_AUTOS = YES_AGGRESSIVE;
				GCC_WARN_UNUSED_FUNCTION = YES;
				GCC_WARN_UNUSED_VARIABLE = YES;
				IPHONEOS_DEPLOYMENT_TARGET = 9.2;
				MTL_ENABLE_DEBUG_INFO = YES;
				ONLY_ACTIVE_ARCH = YES;
				SDKROOT = iphoneos;
				TARGETED_DEVICE_FAMILY = "1,2";
			};
			name = Debug;
		};
		77298C7E1CD83A4A00D09005 /* Release */ = {
			isa = XCBuildConfiguration;
			buildSettings = {
				ALWAYS_SEARCH_USER_PATHS = NO;
				CLANG_CXX_LANGUAGE_STANDARD = "gnu++0x";
				CLANG_CXX_LIBRARY = "libc++";
				CLANG_ENABLE_MODULES = YES;
				CLANG_ENABLE_OBJC_ARC = YES;
				CLANG_WARN_BOOL_CONVERSION = YES;
				CLANG_WARN_CONSTANT_CONVERSION = YES;
				CLANG_WARN_DIRECT_OBJC_ISA_USAGE = YES_ERROR;
				CLANG_WARN_EMPTY_BODY = YES;
				CLANG_WARN_ENUM_CONVERSION = YES;
				CLANG_WARN_INT_CONVERSION = YES;
				CLANG_WARN_OBJC_ROOT_CLASS = YES_ERROR;
				CLANG_WARN_UNREACHABLE_CODE = YES;
				CLANG_WARN__DUPLICATE_METHOD_MATCH = YES;
				"CODE_SIGN_IDENTITY[sdk=iphoneos*]" = "iPhone Developer";
				COPY_PHASE_STRIP = NO;
				DEBUG_INFORMATION_FORMAT = "dwarf-with-dsym";
				ENABLE_NS_ASSERTIONS = NO;
				ENABLE_STRICT_OBJC_MSGSEND = YES;
				GCC_C_LANGUAGE_STANDARD = gnu99;
				GCC_NO_COMMON_BLOCKS = YES;
				GCC_WARN_64_TO_32_BIT_CONVERSION = YES;
				GCC_WARN_ABOUT_RETURN_TYPE = YES_ERROR;
				GCC_WARN_UNDECLARED_SELECTOR = YES;
				GCC_WARN_UNINITIALIZED_AUTOS = YES_AGGRESSIVE;
				GCC_WARN_UNUSED_FUNCTION = YES;
				GCC_WARN_UNUSED_VARIABLE = YES;
				IPHONEOS_DEPLOYMENT_TARGET = 9.2;
				MTL_ENABLE_DEBUG_INFO = NO;
				SDKROOT = iphoneos;
				TARGETED_DEVICE_FAMILY = "1,2";
				VALIDATE_PRODUCT = YES;
			};
			name = Release;
		};
		77298C801CD83A4A00D09005 /* Debug */ = {
			isa = XCBuildConfiguration;
			baseConfigurationReference = BBFD18DD2D68B80DA60677B9 /* Pods.debug.xcconfig */;
			buildSettings = {
				ASSETCATALOG_COMPILER_APPICON_NAME = "AppIcon-2";
				ASSETCATALOG_COMPILER_LAUNCHIMAGE_NAME = "Brand Assets";
				GCC_PRECOMPILE_PREFIX_HEADER = YES;
				GCC_PREFIX_HEADER = XLWB/PrefixHeader.pch;
				INFOPLIST_FILE = XLWB/Info.plist;
				IPHONEOS_DEPLOYMENT_TARGET = 7.1;
				LD_RUNPATH_SEARCH_PATHS = "$(inherited) @executable_path/Frameworks";
				PRODUCT_BUNDLE_IDENTIFIER = zhangbin.XLWB;
				PRODUCT_NAME = "$(TARGET_NAME)";
			};
			name = Debug;
		};
		77298C811CD83A4A00D09005 /* Release */ = {
			isa = XCBuildConfiguration;
			baseConfigurationReference = 0E993E7186A06FE82F15FC3D /* Pods.release.xcconfig */;
			buildSettings = {
				ASSETCATALOG_COMPILER_APPICON_NAME = "AppIcon-2";
				ASSETCATALOG_COMPILER_LAUNCHIMAGE_NAME = "Brand Assets";
				GCC_PRECOMPILE_PREFIX_HEADER = YES;
				GCC_PREFIX_HEADER = XLWB/PrefixHeader.pch;
				INFOPLIST_FILE = XLWB/Info.plist;
				IPHONEOS_DEPLOYMENT_TARGET = 7.1;
				LD_RUNPATH_SEARCH_PATHS = "$(inherited) @executable_path/Frameworks";
				PRODUCT_BUNDLE_IDENTIFIER = zhangbin.XLWB;
				PRODUCT_NAME = "$(TARGET_NAME)";
			};
			name = Release;
		};
/* End XCBuildConfiguration section */

/* Begin XCConfigurationList section */
		77298C631CD83A4A00D09005 /* Build configuration list for PBXProject "XLWB" */ = {
			isa = XCConfigurationList;
			buildConfigurations = (
				77298C7D1CD83A4A00D09005 /* Debug */,
				77298C7E1CD83A4A00D09005 /* Release */,
			);
			defaultConfigurationIsVisible = 0;
			defaultConfigurationName = Release;
		};
		77298C7F1CD83A4A00D09005 /* Build configuration list for PBXNativeTarget "XLWB" */ = {
			isa = XCConfigurationList;
			buildConfigurations = (
				77298C801CD83A4A00D09005 /* Debug */,
				77298C811CD83A4A00D09005 /* Release */,
			);
			defaultConfigurationIsVisible = 0;
			defaultConfigurationName = Release;
		};
/* End XCConfigurationList section */
	};
	rootObject = 77298C601CD83A4A00D09005 /* Project object */;
}
